// !$*UTF8*$!
{
	archiveVersion = 1;
	classes = {
	};
	objectVersion = 50;
	objects = {

/* Begin PBXBuildFile section */
		0B2B5F9E23703300001DE7E0 /* AppDelegate.swift in Sources */ = {isa = PBXBuildFile; fileRef = 0B2B5F9D23703300001DE7E0 /* AppDelegate.swift */; };
		0B2B5FA023703300001DE7E0 /* SceneDelegate.swift in Sources */ = {isa = PBXBuildFile; fileRef = 0B2B5F9F23703300001DE7E0 /* SceneDelegate.swift */; };
		0B2B5FA423703300001DE7E0 /* Assets.xcassets in Resources */ = {isa = PBXBuildFile; fileRef = 0B2B5FA323703300001DE7E0 /* Assets.xcassets */; };
		0B2B5FA723703300001DE7E0 /* Preview Assets.xcassets in Resources */ = {isa = PBXBuildFile; fileRef = 0B2B5FA623703300001DE7E0 /* Preview Assets.xcassets */; };
		0B2B5FAA23703300001DE7E0 /* LaunchScreen.storyboard in Resources */ = {isa = PBXBuildFile; fileRef = 0B2B5FA823703300001DE7E0 /* LaunchScreen.storyboard */; };
		0B2B5FB823703475001DE7E0 /* ConfigView.swift in Sources */ = {isa = PBXBuildFile; fileRef = 0B2B5FB323703475001DE7E0 /* ConfigView.swift */; };
		0B2B5FB923703475001DE7E0 /* EpicirclesView.swift in Sources */ = {isa = PBXBuildFile; fileRef = 0B2B5FB423703475001DE7E0 /* EpicirclesView.swift */; };
		0B2B5FBA23703475001DE7E0 /* EpicircleView.swift in Sources */ = {isa = PBXBuildFile; fileRef = 0B2B5FB523703475001DE7E0 /* EpicircleView.swift */; };
		0B2B5FBB23703475001DE7E0 /* GraphView.swift in Sources */ = {isa = PBXBuildFile; fileRef = 0B2B5FB623703475001DE7E0 /* GraphView.swift */; };
		0B2B5FBC23703475001DE7E0 /* SeriesView.swift in Sources */ = {isa = PBXBuildFile; fileRef = 0B2B5FB723703475001DE7E0 /* SeriesView.swift */; };
		0B2B5FC323703490001DE7E0 /* AppState.swift in Sources */ = {isa = PBXBuildFile; fileRef = 0B2B5FBE2370348F001DE7E0 /* AppState.swift */; };
		0B2B5FC423703490001DE7E0 /* Store.swift in Sources */ = {isa = PBXBuildFile; fileRef = 0B2B5FBF2370348F001DE7E0 /* Store.swift */; };
		0B2B5FC523703490001DE7E0 /* GraphModel.swift in Sources */ = {isa = PBXBuildFile; fileRef = 0B2B5FC023703490001DE7E0 /* GraphModel.swift */; };
		0B2B5FC623703490001DE7E0 /* Timer.swift in Sources */ = {isa = PBXBuildFile; fileRef = 0B2B5FC123703490001DE7E0 /* Timer.swift */; };
		0B2B5FC723703490001DE7E0 /* FourierSeries.swift in Sources */ = {isa = PBXBuildFile; fileRef = 0B2B5FC223703490001DE7E0 /* FourierSeries.swift */; };
/* End PBXBuildFile section */

/* Begin PBXFileReference section */
		0B2B5F9A23703300001DE7E0 /* SwiftUIFourierSeries.app */ = {isa = PBXFileReference; explicitFileType = wrapper.application; includeInIndex = 0; path = SwiftUIFourierSeries.app; sourceTree = BUILT_PRODUCTS_DIR; };
		0B2B5F9D23703300001DE7E0 /* AppDelegate.swift */ = {isa = PBXFileReference; lastKnownFileType = sourcecode.swift; path = AppDelegate.swift; sourceTree = "<group>"; };
		0B2B5F9F23703300001DE7E0 /* SceneDelegate.swift */ = {isa = PBXFileReference; lastKnownFileType = sourcecode.swift; path = SceneDelegate.swift; sourceTree = "<group>"; };
		0B2B5FA323703300001DE7E0 /* Assets.xcassets */ = {isa = PBXFileReference; lastKnownFileType = folder.assetcatalog; path = Assets.xcassets; sourceTree = "<group>"; };
		0B2B5FA623703300001DE7E0 /* Preview Assets.xcassets */ = {isa = PBXFileReference; lastKnownFileType = folder.assetcatalog; path = "Preview Assets.xcassets"; sourceTree = "<group>"; };
		0B2B5FA923703300001DE7E0 /* Base */ = {isa = PBXFileReference; lastKnownFileType = file.storyboard; name = Base; path = Base.lproj/LaunchScreen.storyboard; sourceTree = "<group>"; };
		0B2B5FAB23703300001DE7E0 /* Info.plist */ = {isa = PBXFileReference; lastKnownFileType = text.plist.xml; path = Info.plist; sourceTree = "<group>"; };
		0B2B5FB323703475001DE7E0 /* ConfigView.swift */ = {isa = PBXFileReference; fileEncoding = 4; lastKnownFileType = sourcecode.swift; path = ConfigView.swift; sourceTree = "<group>"; };
		0B2B5FB423703475001DE7E0 /* EpicirclesView.swift */ = {isa = PBXFileReference; fileEncoding = 4; lastKnownFileType = sourcecode.swift; path = EpicirclesView.swift; sourceTree = "<group>"; };
		0B2B5FB523703475001DE7E0 /* EpicircleView.swift */ = {isa = PBXFileReference; fileEncoding = 4; lastKnownFileType = sourcecode.swift; path = EpicircleView.swift; sourceTree = "<group>"; };
		0B2B5FB623703475001DE7E0 /* GraphView.swift */ = {isa = PBXFileReference; fileEncoding = 4; lastKnownFileType = sourcecode.swift; path = GraphView.swift; sourceTree = "<group>"; };
		0B2B5FB723703475001DE7E0 /* SeriesView.swift */ = {isa = PBXFileReference; fileEncoding = 4; lastKnownFileType = sourcecode.swift; path = SeriesView.swift; sourceTree = "<group>"; };
		0B2B5FBE2370348F001DE7E0 /* AppState.swift */ = {isa = PBXFileReference; fileEncoding = 4; lastKnownFileType = sourcecode.swift; path = AppState.swift; sourceTree = "<group>"; };
		0B2B5FBF2370348F001DE7E0 /* Store.swift */ = {isa = PBXFileReference; fileEncoding = 4; lastKnownFileType = sourcecode.swift; path = Store.swift; sourceTree = "<group>"; };
		0B2B5FC023703490001DE7E0 /* GraphModel.swift */ = {isa = PBXFileReference; fileEncoding = 4; lastKnownFileType = sourcecode.swift; path = GraphModel.swift; sourceTree = "<group>"; };
		0B2B5FC123703490001DE7E0 /* Timer.swift */ = {isa = PBXFileReference; fileEncoding = 4; lastKnownFileType = sourcecode.swift; path = Timer.swift; sourceTree = "<group>"; };
		0B2B5FC223703490001DE7E0 /* FourierSeries.swift */ = {isa = PBXFileReference; fileEncoding = 4; lastKnownFileType = sourcecode.swift; path = FourierSeries.swift; sourceTree = "<group>"; };
		0B2B5FC823703554001DE7E0 /* SwiftUIFourierSeries.entitlements */ = {isa = PBXFileReference; lastKnownFileType = text.plist.entitlements; path = SwiftUIFourierSeries.entitlements; sourceTree = "<group>"; };
/* End PBXFileReference section */

/* Begin PBXFrameworksBuildPhase section */
		0B2B5F9723703300001DE7E0 /* Frameworks */ = {
			isa = PBXFrameworksBuildPhase;
			buildActionMask = 2147483647;
			files = (
			);
			runOnlyForDeploymentPostprocessing = 0;
		};
/* End PBXFrameworksBuildPhase section */

/* Begin PBXGroup section */
		0B2B5F9123703300001DE7E0 = {
			isa = PBXGroup;
			children = (
				0B2B5F9C23703300001DE7E0 /* SwiftUIFourierSeries */,
				0B2B5F9B23703300001DE7E0 /* Products */,
			);
			sourceTree = "<group>";
		};
		0B2B5F9B23703300001DE7E0 /* Products */ = {
			isa = PBXGroup;
			children = (
				0B2B5F9A23703300001DE7E0 /* SwiftUIFourierSeries.app */,
			);
			name = Products;
			sourceTree = "<group>";
		};
		0B2B5F9C23703300001DE7E0 /* SwiftUIFourierSeries */ = {
			isa = PBXGroup;
			children = (
				0B2B5FC823703554001DE7E0 /* SwiftUIFourierSeries.entitlements */,
				0B2B5FB12370341E001DE7E0 /* App */,
				0B2B5FBD2370347B001DE7E0 /* Model */,
				0B2B5FB22370345D001DE7E0 /* Views */,
				0B2B5FA523703300001DE7E0 /* Preview Content */,
			);
			path = SwiftUIFourierSeries;
			sourceTree = "<group>";
		};
		0B2B5FA523703300001DE7E0 /* Preview Content */ = {
			isa = PBXGroup;
			children = (
				0B2B5FA623703300001DE7E0 /* Preview Assets.xcassets */,
			);
			path = "Preview Content";
			sourceTree = "<group>";
		};
		0B2B5FB12370341E001DE7E0 /* App */ = {
			isa = PBXGroup;
			children = (
				0B2B5F9D23703300001DE7E0 /* AppDelegate.swift */,
				0B2B5F9F23703300001DE7E0 /* SceneDelegate.swift */,
				0B2B5FA323703300001DE7E0 /* Assets.xcassets */,
				0B2B5FA823703300001DE7E0 /* LaunchScreen.storyboard */,
				0B2B5FAB23703300001DE7E0 /* Info.plist */,
			);
			path = App;
			sourceTree = "<group>";
		};
		0B2B5FB22370345D001DE7E0 /* Views */ = {
			isa = PBXGroup;
			children = (
				0B2B5FB323703475001DE7E0 /* ConfigView.swift */,
				0B2B5FB423703475001DE7E0 /* EpicirclesView.swift */,
				0B2B5FB523703475001DE7E0 /* EpicircleView.swift */,
				0B2B5FB623703475001DE7E0 /* GraphView.swift */,
				0B2B5FB723703475001DE7E0 /* SeriesView.swift */,
			);
			path = Views;
			sourceTree = "<group>";
		};
		0B2B5FBD2370347B001DE7E0 /* Model */ = {
			isa = PBXGroup;
			children = (
				0B2B5FBE2370348F001DE7E0 /* AppState.swift */,
				0B2B5FC223703490001DE7E0 /* FourierSeries.swift */,
				0B2B5FC023703490001DE7E0 /* GraphModel.swift */,
				0B2B5FBF2370348F001DE7E0 /* Store.swift */,
				0B2B5FC123703490001DE7E0 /* Timer.swift */,
			);
			path = Model;
			sourceTree = "<group>";
		};
/* End PBXGroup section */

/* Begin PBXNativeTarget section */
		0B2B5F9923703300001DE7E0 /* SwiftUIFourierSeries */ = {
			isa = PBXNativeTarget;
			buildConfigurationList = 0B2B5FAE23703300001DE7E0 /* Build configuration list for PBXNativeTarget "SwiftUIFourierSeries" */;
			buildPhases = (
				0B2B5F9623703300001DE7E0 /* Sources */,
				0B2B5F9723703300001DE7E0 /* Frameworks */,
				0B2B5F9823703300001DE7E0 /* Resources */,
			);
			buildRules = (
			);
			dependencies = (
			);
			name = SwiftUIFourierSeries;
			productName = SwiftUIFourierSeries;
			productReference = 0B2B5F9A23703300001DE7E0 /* SwiftUIFourierSeries.app */;
			productType = "com.apple.product-type.application";
		};
/* End PBXNativeTarget section */

/* Begin PBXProject section */
		0B2B5F9223703300001DE7E0 /* Project object */ = {
			isa = PBXProject;
			attributes = {
				LastSwiftUpdateCheck = 1120;
				LastUpgradeCheck = 1120;
				ORGANIZATIONNAME = "Simon Stiefel";
				TargetAttributes = {
					0B2B5F9923703300001DE7E0 = {
						CreatedOnToolsVersion = 11.2;
					};
				};
			};
			buildConfigurationList = 0B2B5F9523703300001DE7E0 /* Build configuration list for PBXProject "SwiftUIFourierSeries" */;
			compatibilityVersion = "Xcode 9.3";
			developmentRegion = en;
			hasScannedForEncodings = 0;
			knownRegions = (
				en,
				Base,
			);
			mainGroup = 0B2B5F9123703300001DE7E0;
			productRefGroup = 0B2B5F9B23703300001DE7E0 /* Products */;
			projectDirPath = "";
			projectRoot = "";
			targets = (
				0B2B5F9923703300001DE7E0 /* SwiftUIFourierSeries */,
			);
		};
/* End PBXProject section */

/* Begin PBXResourcesBuildPhase section */
		0B2B5F9823703300001DE7E0 /* Resources */ = {
			isa = PBXResourcesBuildPhase;
			buildActionMask = 2147483647;
			files = (
				0B2B5FAA23703300001DE7E0 /* LaunchScreen.storyboard in Resources */,
				0B2B5FA723703300001DE7E0 /* Preview Assets.xcassets in Resources */,
				0B2B5FA423703300001DE7E0 /* Assets.xcassets in Resources */,
			);
			runOnlyForDeploymentPostprocessing = 0;
		};
/* End PBXResourcesBuildPhase section */

/* Begin PBXSourcesBuildPhase section */
		0B2B5F9623703300001DE7E0 /* Sources */ = {
			isa = PBXSourcesBuildPhase;
			buildActionMask = 2147483647;
			files = (
				0B2B5FB823703475001DE7E0 /* ConfigView.swift in Sources */,
				0B2B5FC723703490001DE7E0 /* FourierSeries.swift in Sources */,
				0B2B5FB923703475001DE7E0 /* EpicirclesView.swift in Sources */,
				0B2B5F9E23703300001DE7E0 /* AppDelegate.swift in Sources */,
				0B2B5FC423703490001DE7E0 /* Store.swift in Sources */,
				0B2B5FC523703490001DE7E0 /* GraphModel.swift in Sources */,
				0B2B5FC323703490001DE7E0 /* AppState.swift in Sources */,
				0B2B5FBA23703475001DE7E0 /* EpicircleView.swift in Sources */,
				0B2B5FA023703300001DE7E0 /* SceneDelegate.swift in Sources */,
				0B2B5FBB23703475001DE7E0 /* GraphView.swift in Sources */,
				0B2B5FC623703490001DE7E0 /* Timer.swift in Sources */,
				0B2B5FBC23703475001DE7E0 /* SeriesView.swift in Sources */,
			);
			runOnlyForDeploymentPostprocessing = 0;
		};
/* End PBXSourcesBuildPhase section */

/* Begin PBXVariantGroup section */
		0B2B5FA823703300001DE7E0 /* LaunchScreen.storyboard */ = {
			isa = PBXVariantGroup;
			children = (
				0B2B5FA923703300001DE7E0 /* Base */,
			);
			name = LaunchScreen.storyboard;
			sourceTree = "<group>";
		};
/* End PBXVariantGroup section */

/* Begin XCBuildConfiguration section */
		0B2B5FAC23703300001DE7E0 /* Debug */ = {
			isa = XCBuildConfiguration;
			buildSettings = {
				ALWAYS_SEARCH_USER_PATHS = NO;
				CLANG_ANALYZER_NONNULL = YES;
				CLANG_ANALYZER_NUMBER_OBJECT_CONVERSION = YES_AGGRESSIVE;
				CLANG_CXX_LANGUAGE_STANDARD = "gnu++14";
				CLANG_CXX_LIBRARY = "libc++";
				CLANG_ENABLE_MODULES = YES;
				CLANG_ENABLE_OBJC_ARC = YES;
				CLANG_ENABLE_OBJC_WEAK = YES;
				CLANG_WARN_BLOCK_CAPTURE_AUTORELEASING = YES;
				CLANG_WARN_BOOL_CONVERSION = YES;
				CLANG_WARN_COMMA = YES;
				CLANG_WARN_CONSTANT_CONVERSION = YES;
				CLANG_WARN_DEPRECATED_OBJC_IMPLEMENTATIONS = YES;
				CLANG_WARN_DIRECT_OBJC_ISA_USAGE = YES_ERROR;
				CLANG_WARN_DOCUMENTATION_COMMENTS = YES;
				CLANG_WARN_EMPTY_BODY = YES;
				CLANG_WARN_ENUM_CONVERSION = YES;
				CLANG_WARN_INFINITE_RECURSION = YES;
				CLANG_WARN_INT_CONVERSION = YES;
				CLANG_WARN_NON_LITERAL_NULL_CONVERSION = YES;
				CLANG_WARN_OBJC_IMPLICIT_RETAIN_SELF = YES;
				CLANG_WARN_OBJC_LITERAL_CONVERSION = YES;
				CLANG_WARN_OBJC_ROOT_CLASS = YES_ERROR;
				CLANG_WARN_RANGE_LOOP_ANALYSIS = YES;
				CLANG_WARN_STRICT_PROTOTYPES = YES;
				CLANG_WARN_SUSPICIOUS_MOVE = YES;
				CLANG_WARN_UNGUARDED_AVAILABILITY = YES_AGGRESSIVE;
				CLANG_WARN_UNREACHABLE_CODE = YES;
				CLANG_WARN__DUPLICATE_METHOD_MATCH = YES;
				COPY_PHASE_STRIP = NO;
				DEBUG_INFORMATION_FORMAT = dwarf;
				ENABLE_STRICT_OBJC_MSGSEND = YES;
				ENABLE_TESTABILITY = YES;
				GCC_C_LANGUAGE_STANDARD = gnu11;
				GCC_DYNAMIC_NO_PIC = NO;
				GCC_NO_COMMON_BLOCKS = YES;
				GCC_OPTIMIZATION_LEVEL = 0;
				GCC_PREPROCESSOR_DEFINITIONS = (
					"DEBUG=1",
					"$(inherited)",
				);
				GCC_WARN_64_TO_32_BIT_CONVERSION = YES;
				GCC_WARN_ABOUT_RETURN_TYPE = YES_ERROR;
				GCC_WARN_UNDECLARED_SELECTOR = YES;
				GCC_WARN_UNINITIALIZED_AUTOS = YES_AGGRESSIVE;
				GCC_WARN_UNUSED_FUNCTION = YES;
				GCC_WARN_UNUSED_VARIABLE = YES;
				IPHONEOS_DEPLOYMENT_TARGET = 13.2;
				MTL_ENABLE_DEBUG_INFO = INCLUDE_SOURCE;
				MTL_FAST_MATH = YES;
				ONLY_ACTIVE_ARCH = YES;
				SDKROOT = iphoneos;
				SWIFT_ACTIVE_COMPILATION_CONDITIONS = DEBUG;
				SWIFT_OPTIMIZATION_LEVEL = "-Onone";
			};
			name = Debug;
		};
		0B2B5FAD23703300001DE7E0 /* Release */ = {
			isa = XCBuildConfiguration;
			buildSettings = {
				ALWAYS_SEARCH_USER_PATHS = NO;
				CLANG_ANALYZER_NONNULL = YES;
				CLANG_ANALYZER_NUMBER_OBJECT_CONVERSION = YES_AGGRESSIVE;
				CLANG_CXX_LANGUAGE_STANDARD = "gnu++14";
				CLANG_CXX_LIBRARY = "libc++";
				CLANG_ENABLE_MODULES = YES;
				CLANG_ENABLE_OBJC_ARC = YES;
				CLANG_ENABLE_OBJC_WEAK = YES;
				CLANG_WARN_BLOCK_CAPTURE_AUTORELEASING = YES;
				CLANG_WARN_BOOL_CONVERSION = YES;
				CLANG_WARN_COMMA = YES;
				CLANG_WARN_CONSTANT_CONVERSION = YES;
				CLANG_WARN_DEPRECATED_OBJC_IMPLEMENTATIONS = YES;
				CLANG_WARN_DIRECT_OBJC_ISA_USAGE = YES_ERROR;
				CLANG_WARN_DOCUMENTATION_COMMENTS = YES;
				CLANG_WARN_EMPTY_BODY = YES;
				CLANG_WARN_ENUM_CONVERSION = YES;
				CLANG_WARN_INFINITE_RECURSION = YES;
				CLANG_WARN_INT_CONVERSION = YES;
				CLANG_WARN_NON_LITERAL_NULL_CONVERSION = YES;
				CLANG_WARN_OBJC_IMPLICIT_RETAIN_SELF = YES;
				CLANG_WARN_OBJC_LITERAL_CONVERSION = YES;
				CLANG_WARN_OBJC_ROOT_CLASS = YES_ERROR;
				CLANG_WARN_RANGE_LOOP_ANALYSIS = YES;
				CLANG_WARN_STRICT_PROTOTYPES = YES;
				CLANG_WARN_SUSPICIOUS_MOVE = YES;
				CLANG_WARN_UNGUARDED_AVAILABILITY = YES_AGGRESSIVE;
				CLANG_WARN_UNREACHABLE_CODE = YES;
				CLANG_WARN__DUPLICATE_METHOD_MATCH = YES;
				COPY_PHASE_STRIP = NO;
				DEBUG_INFORMATION_FORMAT = "dwarf-with-dsym";
				ENABLE_NS_ASSERTIONS = NO;
				ENABLE_STRICT_OBJC_MSGSEND = YES;
				GCC_C_LANGUAGE_STANDARD = gnu11;
				GCC_NO_COMMON_BLOCKS = YES;
				GCC_WARN_64_TO_32_BIT_CONVERSION = YES;
				GCC_WARN_ABOUT_RETURN_TYPE = YES_ERROR;
				GCC_WARN_UNDECLARED_SELECTOR = YES;
				GCC_WARN_UNINITIALIZED_AUTOS = YES_AGGRESSIVE;
				GCC_WARN_UNUSED_FUNCTION = YES;
				GCC_WARN_UNUSED_VARIABLE = YES;
				IPHONEOS_DEPLOYMENT_TARGET = 13.2;
				MTL_ENABLE_DEBUG_INFO = NO;
				MTL_FAST_MATH = YES;
				SDKROOT = iphoneos;
				SWIFT_COMPILATION_MODE = wholemodule;
				SWIFT_OPTIMIZATION_LEVEL = "-O";
				VALIDATE_PRODUCT = YES;
			};
			name = Release;
		};
		0B2B5FAF23703300001DE7E0 /* Debug */ = {
			isa = XCBuildConfiguration;
			buildSettings = {
				ASSETCATALOG_COMPILER_APPICON_NAME = AppIcon;
				CODE_SIGN_ENTITLEMENTS = SwiftUIFourierSeries/SwiftUIFourierSeries.entitlements;
				"CODE_SIGN_IDENTITY[sdk=macosx*]" = "-";
				CODE_SIGN_STYLE = Automatic;
				DERIVE_MACCATALYST_PRODUCT_BUNDLE_IDENTIFIER = YES;
				DEVELOPMENT_ASSET_PATHS = "\"SwiftUIFourierSeries/Preview Content\"";
				ENABLE_PREVIEWS = YES;
				INFOPLIST_FILE = SwiftUIFourierSeries/App/Info.plist;
				LD_RUNPATH_SEARCH_PATHS = (
					"$(inherited)",
					"@executable_path/Frameworks",
				);
				PRODUCT_BUNDLE_IDENTIFIER = com.simonboots.SwiftUIFourierSeries;
				PRODUCT_NAME = "$(TARGET_NAME)";
				SUPPORTS_MACCATALYST = YES;
				SWIFT_VERSION = 5.0;
				TARGETED_DEVICE_FAMILY = "1,2";
			};
			name = Debug;
		};
		0B2B5FB023703300001DE7E0 /* Release */ = {
			isa = XCBuildConfiguration;
			buildSettings = {
				ASSETCATALOG_COMPILER_APPICON_NAME = AppIcon;
				CODE_SIGN_ENTITLEMENTS = SwiftUIFourierSeries/SwiftUIFourierSeries.entitlements;
				"CODE_SIGN_IDENTITY[sdk=macosx*]" = "-";
				CODE_SIGN_STYLE = Automatic;
				DERIVE_MACCATALYST_PRODUCT_BUNDLE_IDENTIFIER = YES;
				DEVELOPMENT_ASSET_PATHS = "\"SwiftUIFourierSeries/Preview Content\"";
				ENABLE_PREVIEWS = YES;
				INFOPLIST_FILE = SwiftUIFourierSeries/App/Info.plist;
				LD_RUNPATH_SEARCH_PATHS = (
					"$(inherited)",
					"@executable_path/Frameworks",
				);
				PRODUCT_BUNDLE_IDENTIFIER = com.simonboots.SwiftUIFourierSeries;
				PRODUCT_NAME = "$(TARGET_NAME)";
				SUPPORTS_MACCATALYST = YES;
				SWIFT_VERSION = 5.0;
				TARGETED_DEVICE_FAMILY = "1,2";
			};
			name = Release;
		};
/* End XCBuildConfiguration section */

/* Begin XCConfigurationList section */
		0B2B5F9523703300001DE7E0 /* Build configuration list for PBXProject "SwiftUIFourierSeries" */ = {
			isa = XCConfigurationList;
			buildConfigurations = (
				0B2B5FAC23703300001DE7E0 /* Debug */,
				0B2B5FAD23703300001DE7E0 /* Release */,
			);
			defaultConfigurationIsVisible = 0;
			defaultConfigurationName = Release;
		};
		0B2B5FAE23703300001DE7E0 /* Build configuration list for PBXNativeTarget "SwiftUIFourierSeries" */ = {
			isa = XCConfigurationList;
			buildConfigurations = (
				0B2B5FAF23703300001DE7E0 /* Debug */,
				0B2B5FB023703300001DE7E0 /* Release */,
			);
			defaultConfigurationIsVisible = 0;
			defaultConfigurationName = Release;
		};
/* End XCConfigurationList section */
	};
	rootObject = 0B2B5F9223703300001DE7E0 /* Project object */;
}
